
Microsoft Visual Studio Solution File, Format Version 12.00
# Visual Studio Version 16
VisualStudioVersion = 16.0.30517.126
MinimumVisualStudioVersion = 10.0.40219.1
Project("{FAE04EC0-301F-11D3-BF4B-00C04F79EFBC}") = "DD365E2E.UITests", "DD365E2E.UITests\DD365E2E.UITests.csproj", "{143F5734-E41D-4B76-BFAF-AB6ADCBB4399}"
EndProject
Global
	GlobalSection(SolutionConfigurationPlatforms) = preSolution
		Debug|Any CPU = Debug|Any CPU
		Release|Any CPU = Release|Any CPU
	EndGlobalSection
	GlobalSection(ProjectConfigurationPlatforms) = postSolution
		{143F5734-E41D-4B76-BFAF-AB6ADCBB4399}.Debug|Any CPU.ActiveCfg = Debug|Any CPU
		{143F5734-E41D-4B76-BFAF-AB6ADCBB4399}.Debug|Any CPU.Build.0 = Debug|Any CPU
		{143F5734-E41D-4B76-BFAF-AB6ADCBB4399}.Release|Any CPU.ActiveCfg = Release|Any CPU
		{143F5734-E41D-4B76-BFAF-AB6ADCBB4399}.Release|Any CPU.Build.0 = Release|Any CPU
	EndGlobalSection
	GlobalSection(SolutionProperties) = preSolution
		HideSolutionNode = FALSE
	EndGlobalSection
	GlobalSection(ExtensibilityGlobals) = postSolution
		SolutionGuid = {5CC281BA-1348-482D-8529-9E697FF8E2CD}
	EndGlobalSection
EndGlobal
